
Microsoft Visual Studio Solution File, Format Version 12.00
# Visual Studio Version 16
VisualStudioVersion = 16.0.29418.71
MinimumVisualStudioVersion = 10.0.40219.1
Project("{FAE04EC0-301F-11D3-BF4B-00C04F79EFBC}") = "TestFileAndDirectory2", "TestFileAndDirectory2\TestFileAndDirectory2.csproj", "{6DC6B5CD-B12D-42CA-823F-62CC5D165930}"
EndProject
Global
	GlobalSection(SolutionConfigurationPlatforms) = preSolution
		Debug|Any CPU = Debug|Any CPU
		Release|Any CPU = Release|Any CPU
	EndGlobalSection
	GlobalSection(ProjectConfigurationPlatforms) = postSolution
		{6DC6B5CD-B12D-42CA-823F-62CC5D165930}.Debug|Any CPU.ActiveCfg = Debug|Any CPU
		{6DC6B5CD-B12D-42CA-823F-62CC5D165930}.Debug|Any CPU.Build.0 = Debug|Any CPU
		{6DC6B5CD-B12D-42CA-823F-62CC5D165930}.Release|Any CPU.ActiveCfg = Release|Any CPU
		{6DC6B5CD-B12D-42CA-823F-62CC5D165930}.Release|Any CPU.Build.0 = Release|Any CPU
	EndGlobalSection
	GlobalSection(SolutionProperties) = preSolution
		HideSolutionNode = FALSE
	EndGlobalSection
	GlobalSection(ExtensibilityGlobals) = postSolution
		SolutionGuid = {12131EC1-8298-4F7B-A934-288805F3A241}
	EndGlobalSection
EndGlobal
