
Microsoft Visual Studio Solution File, Format Version 12.00
# Visual Studio Version 16
VisualStudioVersion = 16.0.29418.71
MinimumVisualStudioVersion = 10.0.40219.1
Project("{FAE04EC0-301F-11D3-BF4B-00C04F79EFBC}") = "ReadCustomerRecords", "ReadCustomerRecords\ReadCustomerRecords.csproj", "{72696920-C27D-4467-8513-3D9CA5537AC5}"
EndProject
Global
	GlobalSection(SolutionConfigurationPlatforms) = preSolution
		Debug|Any CPU = Debug|Any CPU
		Release|Any CPU = Release|Any CPU
	EndGlobalSection
	GlobalSection(ProjectConfigurationPlatforms) = postSolution
		{72696920-C27D-4467-8513-3D9CA5537AC5}.Debug|Any CPU.ActiveCfg = Debug|Any CPU
		{72696920-C27D-4467-8513-3D9CA5537AC5}.Debug|Any CPU.Build.0 = Debug|Any CPU
		{72696920-C27D-4467-8513-3D9CA5537AC5}.Release|Any CPU.ActiveCfg = Release|Any CPU
		{72696920-C27D-4467-8513-3D9CA5537AC5}.Release|Any CPU.Build.0 = Release|Any CPU
	EndGlobalSection
	GlobalSection(SolutionProperties) = preSolution
		HideSolutionNode = FALSE
	EndGlobalSection
	GlobalSection(ExtensibilityGlobals) = postSolution
		SolutionGuid = {8207E9A3-B137-4A77-B73B-4DB7BCAD726A}
	EndGlobalSection
EndGlobal
